
Microsoft Visual Studio Solution File, Format Version 12.00
# Visual Studio 15
VisualStudioVersion = 15.0.28307.489
MinimumVisualStudioVersion = 10.0.40219.1
Project("{FAE04EC0-301F-11D3-BF4B-00C04F79EFBC}") = "WelcomeApp.Android", "WelcomeApp\WelcomeApp.Android\WelcomeApp.Android.csproj", "{9C0A7B83-3330-4AE5-B5FF-563473856D7C}"
EndProject
Project("{FAE04EC0-301F-11D3-BF4B-00C04F79EFBC}") = "WelcomeApp.iOS", "WelcomeApp\WelcomeApp.iOS\WelcomeApp.iOS.csproj", "{E278A12E-40E0-4BE9-B1D0-C80DB733F7AB}"
EndProject
Project("{FAE04EC0-301F-11D3-BF4B-00C04F79EFBC}") = "WelcomeApp", "WelcomeApp\WelcomeApp\WelcomeApp.csproj", "{FFC482A5-3B58-42F0-B96F-372EABD39C3D}"
EndProject
Project("{2150E333-8FDC-42A3-9474-1A3956D46DE8}") = "Solution Items", "Solution Items", "{D5F41923-2937-4E5A-8FFB-F5804A67C493}"
EndProject
Global
	GlobalSection(SolutionConfigurationPlatforms) = preSolution
		Ad-Hoc|Any CPU = Ad-Hoc|Any CPU
		Ad-Hoc|iPhone = Ad-Hoc|iPhone
		Ad-Hoc|iPhoneSimulator = Ad-Hoc|iPhoneSimulator
		AppStore|Any CPU = AppStore|Any CPU
		AppStore|iPhone = AppStore|iPhone
		AppStore|iPhoneSimulator = AppStore|iPhoneSimulator
		Debug|Any CPU = Debug|Any CPU
		Debug|iPhone = Debug|iPhone
		Debug|iPhoneSimulator = Debug|iPhoneSimulator
		Release|Any CPU = Release|Any CPU
		Release|iPhone = Release|iPhone
		Release|iPhoneSimulator = Release|iPhoneSimulator
	EndGlobalSection
	GlobalSection(ProjectConfigurationPlatforms) = postSolution
		{9C0A7B83-3330-4AE5-B5FF-563473856D7C}.Ad-Hoc|Any CPU.ActiveCfg = Release|Any CPU
		{9C0A7B83-3330-4AE5-B5FF-563473856D7C}.Ad-Hoc|Any CPU.Build.0 = Release|Any CPU
		{9C0A7B83-3330-4AE5-B5FF-563473856D7C}.Ad-Hoc|Any CPU.Deploy.0 = Release|Any CPU
		{9C0A7B83-3330-4AE5-B5FF-563473856D7C}.Ad-Hoc|iPhone.ActiveCfg = Release|Any CPU
		{9C0A7B83-3330-4AE5-B5FF-563473856D7C}.Ad-Hoc|iPhone.Build.0 = Release|Any CPU
		{9C0A7B83-3330-4AE5-B5FF-563473856D7C}.Ad-Hoc|iPhone.Deploy.0 = Release|Any CPU
		{9C0A7B83-3330-4AE5-B5FF-563473856D7C}.Ad-Hoc|iPhoneSimulator.ActiveCfg = Release|Any CPU
		{9C0A7B83-3330-4AE5-B5FF-563473856D7C}.Ad-Hoc|iPhoneSimulator.Build.0 = Release|Any CPU
		{9C0A7B83-3330-4AE5-B5FF-563473856D7C}.Ad-Hoc|iPhoneSimulator.Deploy.0 = Release|Any CPU
		{9C0A7B83-3330-4AE5-B5FF-563473856D7C}.AppStore|Any CPU.ActiveCfg = Release|Any CPU
		{9C0A7B83-3330-4AE5-B5FF-563473856D7C}.AppStore|Any CPU.Build.0 = Release|Any CPU
		{9C0A7B83-3330-4AE5-B5FF-563473856D7C}.AppStore|Any CPU.Deploy.0 = Release|Any CPU
		{9C0A7B83-3330-4AE5-B5FF-563473856D7C}.AppStore|iPhone.ActiveCfg = Release|Any CPU
		{9C0A7B83-3330-4AE5-B5FF-563473856D7C}.AppStore|iPhone.Build.0 = Release|Any CPU
		{9C0A7B83-3330-4AE5-B5FF-563473856D7C}.AppStore|iPhone.Deploy.0 = Release|Any CPU
		{9C0A7B83-3330-4AE5-B5FF-563473856D7C}.AppStore|iPhoneSimulator.ActiveCfg = Release|Any CPU
		{9C0A7B83-3330-4AE5-B5FF-563473856D7C}.AppStore|iPhoneSimulator.Build.0 = Release|Any CPU
		{9C0A7B83-3330-4AE5-B5FF-563473856D7C}.AppStore|iPhoneSimulator.Deploy.0 = Release|Any CPU
		{9C0A7B83-3330-4AE5-B5FF-563473856D7C}.Debug|Any CPU.ActiveCfg = Debug|Any CPU
		{9C0A7B83-3330-4AE5-B5FF-563473856D7C}.Debug|Any CPU.Build.0 = Debug|Any CPU
		{9C0A7B83-3330-4AE5-B5FF-563473856D7C}.Debug|Any CPU.Deploy.0 = Debug|Any CPU
		{9C0A7B83-3330-4AE5-B5FF-563473856D7C}.Debug|iPhone.ActiveCfg = Debug|Any CPU
		{9C0A7B83-3330-4AE5-B5FF-563473856D7C}.Debug|iPhone.Build.0 = Debug|Any CPU
		{9C0A7B83-3330-4AE5-B5FF-563473856D7C}.Debug|iPhone.Deploy.0 = Debug|Any CPU
		{9C0A7B83-3330-4AE5-B5FF-563473856D7C}.Debug|iPhoneSimulator.ActiveCfg = Debug|Any CPU
		{9C0A7B83-3330-4AE5-B5FF-563473856D7C}.Debug|iPhoneSimulator.Build.0 = Debug|Any CPU
		{9C0A7B83-3330-4AE5-B5FF-563473856D7C}.Debug|iPhoneSimulator.Deploy.0 = Debug|Any CPU
		{9C0A7B83-3330-4AE5-B5FF-563473856D7C}.Release|Any CPU.ActiveCfg = Release|Any CPU
		{9C0A7B83-3330-4AE5-B5FF-563473856D7C}.Release|Any CPU.Build.0 = Release|Any CPU
		{9C0A7B83-3330-4AE5-B5FF-563473856D7C}.Release|Any CPU.Deploy.0 = Release|Any CPU
		{9C0A7B83-3330-4AE5-B5FF-563473856D7C}.Release|iPhone.ActiveCfg = Release|Any CPU
		{9C0A7B83-3330-4AE5-B5FF-563473856D7C}.Release|iPhone.Build.0 = Release|Any CPU
		{9C0A7B83-3330-4AE5-B5FF-563473856D7C}.Release|iPhone.Deploy.0 = Release|Any CPU
		{9C0A7B83-3330-4AE5-B5FF-563473856D7C}.Release|iPhoneSimulator.ActiveCfg = Release|Any CPU
		{9C0A7B83-3330-4AE5-B5FF-563473856D7C}.Release|iPhoneSimulator.Build.0 = Release|Any CPU
		{9C0A7B83-3330-4AE5-B5FF-563473856D7C}.Release|iPhoneSimulator.Deploy.0 = Release|Any CPU
		{E278A12E-40E0-4BE9-B1D0-C80DB733F7AB}.Ad-Hoc|Any CPU.ActiveCfg = Ad-Hoc|iPhone
		{E278A12E-40E0-4BE9-B1D0-C80DB733F7AB}.Ad-Hoc|Any CPU.Build.0 = Ad-Hoc|iPhone
		{E278A12E-40E0-4BE9-B1D0-C80DB733F7AB}.Ad-Hoc|Any CPU.Deploy.0 = Ad-Hoc|iPhone
		{E278A12E-40E0-4BE9-B1D0-C80DB733F7AB}.Ad-Hoc|iPhone.ActiveCfg = Ad-Hoc|iPhone
		{E278A12E-40E0-4BE9-B1D0-C80DB733F7AB}.Ad-Hoc|iPhone.Build.0 = Ad-Hoc|iPhone
		{E278A12E-40E0-4BE9-B1D0-C80DB733F7AB}.Ad-Hoc|iPhone.Deploy.0 = Ad-Hoc|iPhone
		{E278A12E-40E0-4BE9-B1D0-C80DB733F7AB}.Ad-Hoc|iPhoneSimulator.ActiveCfg = Ad-Hoc|iPhoneSimulator
		{E278A12E-40E0-4BE9-B1D0-C80DB733F7AB}.Ad-Hoc|iPhoneSimulator.Build.0 = Ad-Hoc|iPhoneSimulator
		{E278A12E-40E0-4BE9-B1D0-C80DB733F7AB}.Ad-Hoc|iPhoneSimulator.Deploy.0 = Ad-Hoc|iPhoneSimulator
		{E278A12E-40E0-4BE9-B1D0-C80DB733F7AB}.AppStore|Any CPU.ActiveCfg = AppStore|iPhone
		{E278A12E-40E0-4BE9-B1D0-C80DB733F7AB}.AppStore|Any CPU.Build.0 = AppStore|iPhone
		{E278A12E-40E0-4BE9-B1D0-C80DB733F7AB}.AppStore|Any CPU.Deploy.0 = AppStore|iPhone
		{E278A12E-40E0-4BE9-B1D0-C80DB733F7AB}.AppStore|iPhone.ActiveCfg = AppStore|iPhone
		{E278A12E-40E0-4BE9-B1D0-C80DB733F7AB}.AppStore|iPhone.Build.0 = AppStore|iPhone
		{E278A12E-40E0-4BE9-B1D0-C80DB733F7AB}.AppStore|iPhone.Deploy.0 = AppStore|iPhone
		{E278A12E-40E0-4BE9-B1D0-C80DB733F7AB}.AppStore|iPhoneSimulator.ActiveCfg = AppStore|iPhoneSimulator
		{E278A12E-40E0-4BE9-B1D0-C80DB733F7AB}.AppStore|iPhoneSimulator.Build.0 = AppStore|iPhoneSimulator
		{E278A12E-40E0-4BE9-B1D0-C80DB733F7AB}.AppStore|iPhoneSimulator.Deploy.0 = AppStore|iPhoneSimulator
		{E278A12E-40E0-4BE9-B1D0-C80DB733F7AB}.Debug|Any CPU.ActiveCfg = Debug|iPhoneSimulator
		{E278A12E-40E0-4BE9-B1D0-C80DB733F7AB}.Debug|Any CPU.Build.0 = Debug|iPhoneSimulator
		{E278A12E-40E0-4BE9-B1D0-C80DB733F7AB}.Debug|Any CPU.Deploy.0 = Debug|iPhoneSimulator
		{E278A12E-40E0-4BE9-B1D0-C80DB733F7AB}.Debug|iPhone.ActiveCfg = Debug|iPhone
		{E278A12E-40E0-4BE9-B1D0-C80DB733F7AB}.Debug|iPhone.Build.0 = Debug|iPhone
		{E278A12E-40E0-4BE9-B1D0-C80DB733F7AB}.Debug|iPhone.Deploy.0 = Debug|iPhone
		{E278A12E-40E0-4BE9-B1D0-C80DB733F7AB}.Debug|iPhoneSimulator.ActiveCfg = Debug|iPhoneSimulator
		{E278A12E-40E0-4BE9-B1D0-C80DB733F7AB}.Debug|iPhoneSimulator.Build.0 = Debug|iPhoneSimulator
		{E278A12E-40E0-4BE9-B1D0-C80DB733F7AB}.Debug|iPhoneSimulator.Deploy.0 = Debug|iPhoneSimulator
		{E278A12E-40E0-4BE9-B1D0-C80DB733F7AB}.Release|Any CPU.ActiveCfg = Release|iPhone
		{E278A12E-40E0-4BE9-B1D0-C80DB733F7AB}.Release|Any CPU.Build.0 = Release|iPhone
		{E278A12E-40E0-4BE9-B1D0-C80DB733F7AB}.Release|Any CPU.Deploy.0 = Release|iPhone
		{E278A12E-40E0-4BE9-B1D0-C80DB733F7AB}.Release|iPhone.ActiveCfg = Release|iPhone
		{E278A12E-40E0-4BE9-B1D0-C80DB733F7AB}.Release|iPhone.Build.0 = Release|iPhone
		{E278A12E-40E0-4BE9-B1D0-C80DB733F7AB}.Release|iPhone.Deploy.0 = Release|iPhone
		{E278A12E-40E0-4BE9-B1D0-C80DB733F7AB}.Release|iPhoneSimulator.ActiveCfg = Release|iPhoneSimulator
		{E278A12E-40E0-4BE9-B1D0-C80DB733F7AB}.Release|iPhoneSimulator.Build.0 = Release|iPhoneSimulator
		{E278A12E-40E0-4BE9-B1D0-C80DB733F7AB}.Release|iPhoneSimulator.Deploy.0 = Release|iPhoneSimulator
		{FFC482A5-3B58-42F0-B96F-372EABD39C3D}.Ad-Hoc|Any CPU.ActiveCfg = Debug|Any CPU
		{FFC482A5-3B58-42F0-B96F-372EABD39C3D}.Ad-Hoc|Any CPU.Build.0 = Debug|Any CPU
		{FFC482A5-3B58-42F0-B96F-372EABD39C3D}.Ad-Hoc|Any CPU.Deploy.0 = Debug|Any CPU
		{FFC482A5-3B58-42F0-B96F-372EABD39C3D}.Ad-Hoc|iPhone.ActiveCfg = Debug|Any CPU
		{FFC482A5-3B58-42F0-B96F-372EABD39C3D}.Ad-Hoc|iPhone.Build.0 = Debug|Any CPU
		{FFC482A5-3B58-42F0-B96F-372EABD39C3D}.Ad-Hoc|iPhone.Deploy.0 = Debug|Any CPU
		{FFC482A5-3B58-42F0-B96F-372EABD39C3D}.Ad-Hoc|iPhoneSimulator.ActiveCfg = Debug|Any CPU
		{FFC482A5-3B58-42F0-B96F-372EABD39C3D}.Ad-Hoc|iPhoneSimulator.Build.0 = Debug|Any CPU
		{FFC482A5-3B58-42F0-B96F-372EABD39C3D}.Ad-Hoc|iPhoneSimulator.Deploy.0 = Debug|Any CPU
		{FFC482A5-3B58-42F0-B96F-372EABD39C3D}.AppStore|Any CPU.ActiveCfg = Debug|Any CPU
		{FFC482A5-3B58-42F0-B96F-372EABD39C3D}.AppStore|Any CPU.Build.0 = Debug|Any CPU
		{FFC482A5-3B58-42F0-B96F-372EABD39C3D}.AppStore|Any CPU.Deploy.0 = Debug|Any CPU
		{FFC482A5-3B58-42F0-B96F-372EABD39C3D}.AppStore|iPhone.ActiveCfg = Debug|Any CPU
		{FFC482A5-3B58-42F0-B96F-372EABD39C3D}.AppStore|iPhone.Build.0 = Debug|Any CPU
		{FFC482A5-3B58-42F0-B96F-372EABD39C3D}.AppStore|iPhone.Deploy.0 = Debug|Any CPU
		{FFC482A5-3B58-42F0-B96F-372EABD39C3D}.AppStore|iPhoneSimulator.ActiveCfg = Debug|Any CPU
		{FFC482A5-3B58-42F0-B96F-372EABD39C3D}.AppStore|iPhoneSimulator.Build.0 = Debug|Any CPU
		{FFC482A5-3B58-42F0-B96F-372EABD39C3D}.AppStore|iPhoneSimulator.Deploy.0 = Debug|Any CPU
		{FFC482A5-3B58-42F0-B96F-372EABD39C3D}.Debug|Any CPU.ActiveCfg = Debug|Any CPU
		{FFC482A5-3B58-42F0-B96F-372EABD39C3D}.Debug|Any CPU.Build.0 = Debug|Any CPU
		{FFC482A5-3B58-42F0-B96F-372EABD39C3D}.Debug|Any CPU.Deploy.0 = Debug|Any CPU
		{FFC482A5-3B58-42F0-B96F-372EABD39C3D}.Debug|iPhone.ActiveCfg = Debug|Any CPU
		{FFC482A5-3B58-42F0-B96F-372EABD39C3D}.Debug|iPhone.Build.0 = Debug|Any CPU
		{FFC482A5-3B58-42F0-B96F-372EABD39C3D}.Debug|iPhone.Deploy.0 = Debug|Any CPU
		{FFC482A5-3B58-42F0-B96F-372EABD39C3D}.Debug|iPhoneSimulator.ActiveCfg = Debug|Any CPU
		{FFC482A5-3B58-42F0-B96F-372EABD39C3D}.Debug|iPhoneSimulator.Build.0 = Debug|Any CPU
		{FFC482A5-3B58-42F0-B96F-372EABD39C3D}.Debug|iPhoneSimulator.Deploy.0 = Debug|Any CPU
		{FFC482A5-3B58-42F0-B96F-372EABD39C3D}.Release|Any CPU.ActiveCfg = Release|Any CPU
		{FFC482A5-3B58-42F0-B96F-372EABD39C3D}.Release|Any CPU.Build.0 = Release|Any CPU
		{FFC482A5-3B58-42F0-B96F-372EABD39C3D}.Release|Any CPU.Deploy.0 = Release|Any CPU
		{FFC482A5-3B58-42F0-B96F-372EABD39C3D}.Release|iPhone.ActiveCfg = Release|Any CPU
		{FFC482A5-3B58-42F0-B96F-372EABD39C3D}.Release|iPhone.Build.0 = Release|Any CPU
		{FFC482A5-3B58-42F0-B96F-372EABD39C3D}.Release|iPhone.Deploy.0 = Release|Any CPU
		{FFC482A5-3B58-42F0-B96F-372EABD39C3D}.Release|iPhoneSimulator.ActiveCfg = Release|Any CPU
		{FFC482A5-3B58-42F0-B96F-372EABD39C3D}.Release|iPhoneSimulator.Build.0 = Release|Any CPU
		{FFC482A5-3B58-42F0-B96F-372EABD39C3D}.Release|iPhoneSimulator.Deploy.0 = Release|Any CPU
	EndGlobalSection
	GlobalSection(SolutionProperties) = preSolution
		HideSolutionNode = FALSE
	EndGlobalSection
	GlobalSection(ExtensibilityGlobals) = postSolution
		SolutionGuid = {247A6090-1268-4BCD-8284-BB8103918AD8}
	EndGlobalSection
EndGlobal
